
Microsoft Visual Studio Solution File, Format Version 12.00
# Visual Studio 2013
VisualStudioVersion = 12.0.31101.0
MinimumVisualStudioVersion = 10.0.40219.1
Project("{FAE04EC0-301F-11D3-BF4B-00C04F79EFBC}") = "Snake", "Game\Snake.csproj", "{3A0CAEA7-DFED-4723-BAD2-5D6AB3621445}"
EndProject
Project("{FAE04EC0-301F-11D3-BF4B-00C04F79EFBC}") = "Test", "Test\Test.csproj", "{C31C8856-2C62-4B2C-9F0B-541ED999B95B}"
EndProject
Global
	GlobalSection(SolutionConfigurationPlatforms) = preSolution
		Debug|Any CPU = Debug|Any CPU
		Release|Any CPU = Release|Any CPU
	EndGlobalSection
	GlobalSection(ProjectConfigurationPlatforms) = postSolution
		{3A0CAEA7-DFED-4723-BAD2-5D6AB3621445}.Debug|Any CPU.ActiveCfg = Debug|Any CPU
		{3A0CAEA7-DFED-4723-BAD2-5D6AB3621445}.Debug|Any CPU.Build.0 = Debug|Any CPU
		{3A0CAEA7-DFED-4723-BAD2-5D6AB3621445}.Release|Any CPU.ActiveCfg = Release|Any CPU
		{3A0CAEA7-DFED-4723-BAD2-5D6AB3621445}.Release|Any CPU.Build.0 = Release|Any CPU
		{C31C8856-2C62-4B2C-9F0B-541ED999B95B}.Debug|Any CPU.ActiveCfg = Debug|Any CPU
		{C31C8856-2C62-4B2C-9F0B-541ED999B95B}.Debug|Any CPU.Build.0 = Debug|Any CPU
		{C31C8856-2C62-4B2C-9F0B-541ED999B95B}.Release|Any CPU.ActiveCfg = Release|Any CPU
		{C31C8856-2C62-4B2C-9F0B-541ED999B95B}.Release|Any CPU.Build.0 = Release|Any CPU
	EndGlobalSection
	GlobalSection(SolutionProperties) = preSolution
		HideSolutionNode = FALSE
	EndGlobalSection
EndGlobal
